---
lockfileVersion: '9.0'

importers:

  .:
    configDependencies: {}
    packageManagerDependencies:
      pnpm:
        specifier: 12.11.2
        version: 12.11.2

packages:

  '@pnpm/exe.android-arm64@12.11.2':
    resolution: {integrity: sha512-owLw13OfPkEoY+hLBNeeG+dCFhywr7q2d/EHPz4mNL2RhKnv8gNwMARkjkiDQu234aItVwFNDeGnmQXm+ikkAg==}
    cpu: [arm64]
    os: [android]

  '@pnpm/exe.android-x64@12.11.2':
    resolution: {integrity: sha512-GYPkVebl4iokOA/4MPSpGoUVfFlsth7uqOCe1XiaiM23LAdvUOMJBObqHJijr89ZqjwHm9pO6vO45GRwJ2U2qA==}
    cpu: [x64]
    os: [android]

  '@pnpm/exe.darwin-arm64@12.11.2':
    resolution: {integrity: sha512-n9M4On66y8FDxUAKgMO1FXt0qihyG4e+56p3/F0uo8Bx9KplW8BwKVnXigzCJ8aNM6sVVPkOE6M9XXbeVIxnZA==}
    cpu: [arm64]
    os: [darwin]

  '@pnpm/exe.darwin-x64@12.11.2':
    resolution: {integrity: sha512-oSW7n3sBT0c0cyk4kj10T2Y6Mpm+OFEiCAWozgX039tdoI6yqJF1uaFD3sw7ugLdu6VV3+uY0pa1TUZIPdxDWA==}
    cpu: [x64]
    os: [darwin]

  '@pnpm/exe.freebsd-x64@12.11.2':
    resolution: {integrity: sha512-qbzc3KoDpa/Lkf8vs3jnDe6dUUbso+6eLIyssYFMiliLpYNxn8dirk11YoNnOQcdHVB50v5RFls1Yid6ttT5pg==}
    cpu: [x64]
    os: [freebsd]

  '@pnpm/exe.linux-arm64-musl@12.11.2':
    resolution: {integrity: sha512-uMEYDwKRktGwANubQ+kYCwmhNwg3Ik6qK89ahsbQ5cP30R/5FVJb/T99vr9XRUBC/A7mZI6eeT92oyVas9ACyg==}
    cpu: [arm64]
    os: [linux]
    libc: [musl]

  '@pnpm/exe.linux-arm64@12.11.2':
    resolution: {integrity: sha512-6e8ZAQUwFXAWHHHv5FesWqf/kEK04wuitBv5f/gxzkC0DiBfaixr+f+6JQede8SF4Ji5LcMwVFJbzAtffpWxEg==}
    cpu: [arm64]
    os: [linux]
    libc: [glibc]

  '@pnpm/exe.linux-ppc64@12.11.2':
    resolution: {integrity: sha512-Ui8A4nepkVupx2VpuFfysEluMvWK6gTB5rgVts7Ss/+8dj0RD28x3F/seNeH/zSypgC6yKdV6qsKVQh/uffTuQ==}
    cpu: [ppc64]
    os: [linux]
    libc: [glibc]

  '@pnpm/exe.linux-riscv64@12.11.2':
    resolution: {integrity: sha512-i1yLdQ5bu+wjQ+srtFoJAaY2gN/+oXHFdjul4llCeoDxHE0rTIG3R41NhHfCjyFPW4+CpbBT58933CL9sMOCnA==}
    cpu: [riscv64]
    os: [linux]
    libc: [glibc]

  '@pnpm/exe.linux-s390x@12.11.2':
    resolution: {integrity: sha512-YS1/lhPjjTsN4QL50VaFZKRa3Uc/bDnhE8eKbJMFvuX06UuFS5YaiDg04APoZdfVSGqTfX27QAg7rfLMSWaqxA==}
    cpu: [s390x]
    os: [linux]
    libc: [glibc]

  '@pnpm/exe.linux-x64-musl@12.11.2':
    resolution: {integrity: sha512-7eIxQR05fvJxCujUSKp5KTtehJ7QqrgqP/HD1+BcB/SaV2Be4XI1PEHiOgA1zxsiMIeMvTF6E4G4dYHrFjeXRg==}
    cpu: [x64]
    os: [linux]
    libc: [musl]

  '@pnpm/exe.linux-x64@12.11.2':
    resolution: {integrity: sha512-FK7QKe24AYgppJwO3mpooYptduuvIGqKJPi5ac7MdnWkjUy46JBfYhCW0grnkWKC8YOf0x+vGviuQqJEj3SpQQ==}
    cpu: [x64]
    os: [linux]
    libc: [glibc]

  '@pnpm/exe.win32-arm64@12.11.2':
    resolution: {integrity: sha512-PCTjVDdJb6VvraZxrEeFv6EqEA0hhIsAySx28e95J2Tqpi88hLpgOXgNqV0vpxq9A+b8GLQfyk/D+1UlJPv/YQ==}
    cpu: [arm64]
    os: [win32]

  '@pnpm/exe.win32-x64@12.11.2':
    resolution: {integrity: sha512-8sgX86OvRjJ3yZs/TvGR2L31wH9ScPZ+f+geKI3ikuB0RRiK3i4LlTRO8OXN6pdRqj8epMde4312MCjj7JsJdA==}
    cpu: [x64]
    os: [win32]

  pnpm@12.11.2:
    resolution: {integrity: sha512-JaUWUqGWeFr18ovabf6NxYLr76SsHRgCIc4TkCMcX7dmN4IupLbkYzznSs3LCnf3Ja8RutOBd/3t2u6BipVcuQ==}
    engines: {node: '>=18.*'}
    hasBin: true

snapshots:

  '@pnpm/exe.android-arm64@12.11.2':
    optional: true

  '@pnpm/exe.android-x64@12.11.2':
    optional: true

  '@pnpm/exe.darwin-arm64@12.11.2':
    optional: true

  '@pnpm/exe.darwin-x64@12.11.2':
    optional: true

  '@pnpm/exe.freebsd-x64@12.11.2':
    optional: true

  '@pnpm/exe.linux-arm64-musl@12.11.2':
    optional: true

  '@pnpm/exe.linux-arm64@12.11.2':
    optional: true

  '@pnpm/exe.linux-ppc64@12.11.2':
    optional: true

  '@pnpm/exe.linux-riscv64@12.11.2':
    optional: true

  '@pnpm/exe.linux-s390x@12.11.2':
    optional: true

  '@pnpm/exe.linux-x64-musl@12.11.2':
    optional: true

  '@pnpm/exe.linux-x64@12.11.2':
    optional: true

  '@pnpm/exe.win32-arm64@12.11.2':
    optional: true

  '@pnpm/exe.win32-x64@12.11.2':
    optional: true

  pnpm@12.11.2:
    optionalDependencies:
      '@pnpm/exe.android-arm64': 12.11.2
      '@pnpm/exe.android-x64': 12.11.2
      '@pnpm/exe.darwin-arm64': 12.11.2
      '@pnpm/exe.darwin-x64': 12.11.2
      '@pnpm/exe.freebsd-x64': 12.11.2
      '@pnpm/exe.linux-arm64': 12.11.2
      '@pnpm/exe.linux-arm64-musl': 12.11.2
      '@pnpm/exe.linux-ppc64': 12.11.2
      '@pnpm/exe.linux-riscv64': 12.11.2
      '@pnpm/exe.linux-s390x': 12.11.2
      '@pnpm/exe.linux-x64': 12.11.2
      '@pnpm/exe.linux-x64-musl': 12.11.2
      '@pnpm/exe.win32-arm64': 12.11.2
      '@pnpm/exe.win32-x64': 12.11.2

---
lockfileVersion: '9.0'

settings:
  autoInstallPeers: true
  excludeLinksFromLockfile: false

importers:

  .:
    dependencies:
      '@tauri-apps/api':
        specifier: ^2.12.1
        version: 2.12.2
    devDependencies:
      '@rollup/plugin-typescript':
        specifier: ^12.3.0
        version: 12.3.0(rollup@4.64.3)(tslib@2.8.1)(typescript@6.0.3)
      rollup:
        specifier: ^4.64.1
        version: 4.64.3
      tslib:
        specifier: ^2.8.1
        version: 2.8.1
      typescript:
        specifier: ^6.0.3
        version: 6.0.3

packages:

  '@napi-rs/lzma-linux-x64-gnu@1.5.1':
    resolution: {integrity: sha512-oTXEIha4SsuXdTA4Iyskj0kpdx2yVXdhd75c2v3xGrHFfVMsbhTPZU/nMPL4sWKo4pBHm3aucLaqGlF696dTyQ==}
    engines: {node: ^22.20 || ^24.12 || >=25}
    cpu: [x64]
    os: [linux]
    libc: [glibc]

  '@rollup/plugin-typescript@12.3.0':
    resolution: {integrity: sha512-7DP0/p7y3t67+NabT9f8oTBFE6gGkto4SA6Np2oudYmZE/m1dt8RB0SjL1msMxFpLo631qjRCcBlAbq1ml/Big==}
    engines: {node: '>=14.0.0'}
    peerDependencies:
      rollup: ^2.14.0||^3.0.0||^4.0.0
      tslib: '*'
      typescript: '>=3.7.0'
    peerDependenciesMeta:
      rollup:
        optional: true
      tslib:
        optional: true

  '@rollup/pluginutils@5.1.3':
    resolution: {integrity: sha512-Pnsb6f32CD2W3uCaLZIzDmeFyQ2b8UWMFI7xtwUezpcGBDVDW6y9XgAWIlARiGAo6eNF5FK5aQTr0LFyNyqq5A==}
    engines: {node: '>=14.0.0'}
    peerDependencies:
      rollup: ^1.20.0||^2.0.0||^3.0.0||^4.0.0
    peerDependenciesMeta:
      rollup:
        optional: true

  '@rollup/rollup-android-arm-eabi@4.64.3':
    resolution: {integrity: sha512-a31GFbL70GlGUGhn8goVjRLtdDG1urLCJFWLZ7JcxdHK9pPvCohLFtYLgJDdNbtrNZSrJl1u9bK05ISsSC2EpA==}
    cpu: [arm]
    os: [android]

  '@rollup/rollup-android-arm64@4.64.3':
    resolution: {integrity: sha512-IRv757RLiPGlNxAX5JXU0eiUlUPvKiwFRbkqLd+gywptLK4uSEg1qkl6en6r0cXMazSnWUWOBABv+QfuLV3n5Q==}
    cpu: [arm64]
    os: [android]

  '@rollup/rollup-darwin-arm64@4.64.3':
    resolution: {integrity: sha512-UkzI35Fnz6+MJNATdnjnZ3TpdG/rXab8h7oDOD9R0zDVIFmuuYrvgUj8V8mh+A//+LR4TlEQo4ZW4RhyRtWv3A==}
    cpu: [arm64]
    os: [darwin]

  '@rollup/rollup-darwin-x64@4.64.3':
    resolution: {integrity: sha512-C3AyMtAnKQ/jSkZ0chIoWbPXRbFz8JnPLhl1ULecEhcaOGkT19xt7KmO8BulQxt9S/XideHRXvsVQUbGj4JCOg==}
    cpu: [x64]
    os: [darwin]

  '@rollup/rollup-freebsd-arm64@4.64.3':
    resolution: {integrity: sha512-M8yAdBMyHh14JLeXDNGvEkljzuHdcoLBQ399O4Fp4nvX51lueuEY/5U2G9Ci0D6/bQlBp/3JLiBQH55STwwbwg==}
    cpu: [arm64]
    os: [freebsd]

  '@rollup/rollup-freebsd-x64@4.64.3':
    resolution: {integrity: sha512-WQjuOKGh2FN98ZK6i0uM6M6YqnPEds85p3oRkrxiEeTQo/p7RpuU8c9MwQ88LfgwVAzohumlzbQQSikz4Zw9rw==}
    cpu: [x64]
    os: [freebsd]

  '@rollup/rollup-linux-arm-gnueabihf@4.64.3':
    resolution: {integrity: sha512-5tDLZG5s9WyVKoEHgwos6FpKrgpotl61EYeHSLSVkQzMzTsaClwEr8mok9rm3y734zjiGInG4dfw/56ebWVvEQ==}
    cpu: [arm]
    os: [linux]
    libc: [glibc]

  '@rollup/rollup-linux-arm-musleabihf@4.64.3':
    resolution: {integrity: sha512-Mh5KbLeplM2HX6lQI18jsxSsqvPW8d+Hyk8HtY6Zl93woMitRSCZ92rBEzq6v8bfZGlpyMgj4P/sKW4KCjhH3A==}
    cpu: [arm]
    os: [linux]
    libc: [musl]

  '@rollup/rollup-linux-arm64-gnu@4.64.3':
    resolution: {integrity: sha512-QZrrwHnznTv6y4iiHtCqDN+ZsF4qNFQObMOLgPrbxhh9O5o4rgoUe5OnkqG/ceCObMrAjhQt+eQ6HSDzBFgVMw==}
    cpu: [arm64]
    os: [linux]
    libc: [glibc]

  '@rollup/rollup-linux-arm64-musl@4.64.3':
    resolution: {integrity: sha512-4vLehpXSwlkltnvk5ETB+Hz+d3xayZS3NamZ5Vq4bSo+IUoIALovEJF1YgWPMjHwN7R5o/R4BpP9h3q8EK1xAA==}
    cpu: [arm64]
    os: [linux]
    libc: [musl]

  '@rollup/rollup-linux-loong64-gnu@4.64.3':
    resolution: {integrity: sha512-SEN7TTTOdXJKZmsWKOnQeVfgy3Dje/08ISXWwFhTggQ3SxjuIaChvmOB5ZDZqJNlBjaXrV6nAHraqEAvdLGqcw==}
    cpu: [loong64]
    os: [linux]
    libc: [glibc]

  '@rollup/rollup-linux-loong64-musl@4.64.3':
    resolution: {integrity: sha512-1LDsQMRMCEdGF9Dih5qyh6fF1LK3NnA+pAtE2+9AgZwUdXyd19TOBVC9crSB63iZBHR4vOG7h8gN/LcUH3J7xw==}
    cpu: [loong64]
    os: [linux]
    libc: [musl]

  '@rollup/rollup-linux-ppc64-gnu@4.64.3':
    resolution: {integrity: sha512-v3D2tAfRriqGOi+5Ac5CiYbBo2NXtLVxJlludTvUZRj502lVMFeVIuvvWbz4qCrotn3e3Uvpvh7FcMpG2QxxXQ==}
    cpu: [ppc64]
    os: [linux]
    libc: [glibc]

  '@rollup/rollup-linux-ppc64-musl@4.64.3':
    resolution: {integrity: sha512-db5q6dP189V2+JkMpsXBl8ym6bC0x8ydZ47fUJZ9YdM6T2OF5uqNzX9HaAZHRP/lqjA9bJeNwi0qw1/2/37dUA==}
    cpu: [ppc64]
    os: [linux]
    libc: [musl]

  '@rollup/rollup-linux-riscv64-gnu@4.64.3':
    resolution: {integrity: sha512-nArAVDmrL5ix9UoipcKEsYJw4kMUQCIPYRWuYF2POOC7jd9rmN95d/48ewsYFC/OdtwEx6VYYWYxrp8FbMOU2Q==}
    cpu: [riscv64]
    os: [linux]
    libc: [glibc]

  '@rollup/rollup-linux-riscv64-musl@4.64.3':
    resolution: {integrity: sha512-2dc7LElu7EVSvpQT8epNnBLa02wlqilNYqHN0FA/RaKqCr9U9ZFYQ0Eh4sfgSzLneLDuJsJRjcezR/l2UyYGXA==}
    cpu: [riscv64]
    os: [linux]
    libc: [musl]

  '@rollup/rollup-linux-s390x-gnu@4.64.3':
    resolution: {integrity: sha512-9PYq2IEzSwXcvQLERcT9LKXRzw8J05GFTbJHA2anJR2WmlRjA1esgXVYhanp+bmjKsDVoZeU2L7Z2pRClLcZTw==}
    cpu: [s390x]
    os: [linux]
    libc: [glibc]

  '@rollup/rollup-linux-x64-gnu@4.64.3':
    resolution: {integrity: sha512-vMh+mt0cw1BHldd8cqaU6A5s1W4EUKl6+8MRsv86mj954L4xyruKD7qPXMUI2icImadAZARK10h0onaGTLmCVg==}
    cpu: [x64]
    os: [linux]
    libc: [glibc]

  '@rollup/rollup-linux-x64-musl@4.64.3':
    resolution: {integrity: sha512-PpiKU+sWbqDGc0U0su8oXiyeyqm0UQjmaaPKHktX+DaLe6YKJwW2YVD0f2AXHdVvblZbRqpwRVClWP2F5HCqrQ==}
    cpu: [x64]
    os: [linux]
    libc: [musl]

  '@rollup/rollup-openbsd-x64@4.64.3':
    resolution: {integrity: sha512-/3enY/AmaIt8IS0fWjX4ztYVPBqkj49cQTy/hCryhBFaEzDfJwwEolq9sxvyWAM2qmsmVuPdeRg5JXSrmeqvJg==}
    cpu: [x64]
    os: [openbsd]

  '@rollup/rollup-openharmony-arm64@4.64.3':
    resolution: {integrity: sha512-zsEP/QDuet52hhwvi5T1VPg0/Tkms0m3zkVv7CPsznvhdO4pL4oJTMz26EJsiCe18OeLKPgpTu3XVO3C1eq3ew==}
    cpu: [arm64]
    os: [openharmony]

  '@rollup/rollup-win32-arm64-msvc@4.64.3':
    resolution: {integrity: sha512-4ESknW4Db+kqvazVOfsReYJaHxcIsOqcgwjKV2J1tG5Bn4RVf5ocTQKSGuq2HWBJcOLuyim8IWX8DuH6nKmELA==}
    cpu: [arm64]
    os: [win32]

  '@rollup/rollup-win32-ia32-msvc@4.64.3':
    resolution: {integrity: sha512-3B8VCQyIyv7FQxYYhb3HpR3bIpronR20txjMSffSoz/sm/DDs3/49CFpEueOsvq9qW9sWoI/6pi6mtciD9NXFg==}
    cpu: [ia32]
    os: [win32]

  '@rollup/rollup-win32-x64-gnu@4.64.3':
    resolution: {integrity: sha512-YOoDkKh2oQxOxRB5D9AR8sj3qpMShpmyTkjojiBjMGigz3caV7UvCnXWWUQC0TBmrZ5zuHe2pWl8S+cMfvXzRg==}
    cpu: [x64]
    os: [win32]

  '@rollup/rollup-win32-x64-msvc@4.64.3':
    resolution: {integrity: sha512-qTv4bG+eKJKifzxNJevMUh8L6CjJrz9/Kn1IbP2F5bo0tBzNIR7HMg4vni6XmDzcKUl00lHHY+J5ZgjbGiujOQ==}
    cpu: [x64]
    os: [win32]

  '@tauri-apps/api@2.12.2':
    resolution: {integrity: sha512-cr0FYEsbSQIeEuIIoC8bwdiHW3YlziMYOZ0j3R7F6kkIHSVrrZnV6CSjv/VQvFoyuERGxFc8NMtLJDXi5wYOYg==}

  '@types/estree@1.0.8':
    resolution: {integrity: sha512-dWHzHa2WqEXI/O1E9OjrocMTKJl2mSrEolh1Iomrv6U+JuNwaHXsXx9bLu5gG7BUWFIN0skIQJQ/L1rIex4X6w==}

  '@types/estree@1.0.9':
    resolution: {integrity: sha512-GhdPgy1el4/ImP05X05Uw4cw2/M93BCUmnEvWZNStlCzEKME4Fkk+YpoA5OiHNQmoS7Cafb8Xa3Pya8m1Qrzeg==}

  estree-walker@2.0.2:
    resolution: {integrity: sha512-Rfkk/Mp/DL7JVje3u18FxFujQlTNR2q6QfMSMB7AvCBx91NGj/ba3kCfza0f6dVDbw7YlRf/nDrn7pQrCCyQ/w==}

  fsevents@2.3.3:
    resolution: {integrity: sha512-5xoDfX+fL7faATnagmWPpbFtwh/R77WmMMqqHGS65C3vvB0YHrgF+B1YmZ3441tMj5n63k0212XNoJwzlhffQw==}
    engines: {node: ^8.16.0 || ^10.6.0 || >=11.0.0}
    os: [darwin]

  function-bind@1.1.2:
    resolution: {integrity: sha512-7XHNxH7qX9xG5mIwxkhumTox/MIRNcOgDrxWsMt2pAr23WHp6MrRlN7FBSFpCpr+oVO0F744iUgR82nJMfG2SA==}

  hasown@2.0.2:
    resolution: {integrity: sha512-0hJU9SCPvmMzIBdZFqNPXWa6dqh7WdH0cII9y+CyS8rG3nL48Bclra9HmKhVVUHyPWNH5Y7xDwAB7bfgSjkUMQ==}
    engines: {node: '>= 0.4'}

  is-core-module@2.15.1:
    resolution: {integrity: sha512-z0vtXSwucUJtANQWldhbtbt7BnL0vxiFjIdDLAatwhDYty2bad6s+rijD6Ri4YuYJubLzIJLUidCh09e1djEVQ==}
    engines: {node: '>= 0.4'}

  path-parse@1.0.7:
    resolution: {integrity: sha512-LDJzPVEEEPR+y48z93A0Ed0yXb8pAByGWo/k5YYdYgpY2/2EsOsksJrq7lOHxryrVOn1ejG6oAp8ahvOIQD8sw==}

  picomatch@4.0.4:
    resolution: {integrity: sha512-QP88BAKvMam/3NxH6vj2o21R6MjxZUAd6nlwAS/pnGvN9IVLocLHxGYIzFhg6fUQ+5th6P4dv4eW9jX3DSIj7A==}
    engines: {node: '>=12'}

  resolve@1.22.8:
    resolution: {integrity: sha512-oKWePCxqpd6FlLvGV1VU0x7bkPmmCNolxzjMf4NczoDnQcIWrAF+cPtZn5i6n+RfD2d9i0tzpKnG6Yk168yIyw==}
    hasBin: true

  rollup@4.64.3:
    resolution: {integrity: sha512-iIMWbptLYsZdGTJMH8ngApXdsCatE6bCMv2eqGIfGE1++kwh7TCWBdWKK0FKC0yx++196vGK5VdagzRXSLMa8A==}
    engines: {node: '>=18.0.0', npm: '>=8.0.0'}
    hasBin: true

  supports-preserve-symlinks-flag@1.0.0:
    resolution: {integrity: sha512-ot0WnXS9fgdkgIcePe6RHNk1WA8+muPa6cSjeR3V8K27q9BB1rTE3R1p7Hv0z1ZyAc8s6Vvv8DIyWf681MAt0w==}
    engines: {node: '>= 0.4'}

  tslib@2.8.1:
    resolution: {integrity: sha512-oJFu94HQb+KVduSUQL7wnpmqnfmLsOA/nAh6b6EH0wCEoK0/mPeXU6c3wKDV83MkOuHPRHtSXKKU99IBazS/2w==}

  typescript@6.0.3:
    resolution: {integrity: sha512-y2TvuxSZPDyQakkFRPZHKFm+KKVqIisdg9/CZwm9ftvKXLP8NRWj38/ODjNbr43SsoXqNuAisEf1GdCxqWcdBw==}
    engines: {node: '>=14.17'}
    hasBin: true

snapshots:

  '@napi-rs/lzma-linux-x64-gnu@1.5.1':
    optional: true

  '@rollup/plugin-typescript@12.3.0(rollup@4.64.3)(tslib@2.8.1)(typescript@6.0.3)':
    dependencies:
      '@rollup/pluginutils': 5.1.3(rollup@4.64.3)
      resolve: 1.22.8
      typescript: 6.0.3
    optionalDependencies:
      rollup: 4.64.3
      tslib: 2.8.1

  '@rollup/pluginutils@5.1.3(rollup@4.64.3)':
    dependencies:
      '@types/estree': 1.0.8
      estree-walker: 2.0.2
      picomatch: 4.0.4
    optionalDependencies:
      rollup: 4.64.3

  '@rollup/rollup-android-arm-eabi@4.64.3':
    optional: true

  '@rollup/rollup-android-arm64@4.64.3':
    optional: true

  '@rollup/rollup-darwin-arm64@4.64.3':
    optional: true

  '@rollup/rollup-darwin-x64@4.64.3':
    optional: true

  '@rollup/rollup-freebsd-arm64@4.64.3':
    optional: true

  '@rollup/rollup-freebsd-x64@4.64.3':
    optional: true

  '@rollup/rollup-linux-arm-gnueabihf@4.64.3':
    optional: true

  '@rollup/rollup-linux-arm-musleabihf@4.64.3':
    optional: true

  '@rollup/rollup-linux-arm64-gnu@4.64.3':
    optional: true

  '@rollup/rollup-linux-arm64-musl@4.64.3':
    optional: true

  '@rollup/rollup-linux-loong64-gnu@4.64.3':
    optional: true

  '@rollup/rollup-linux-loong64-musl@4.64.3':
    optional: true

  '@rollup/rollup-linux-ppc64-gnu@4.64.3':
    optional: true

  '@rollup/rollup-linux-ppc64-musl@4.64.3':
    optional: true

  '@rollup/rollup-linux-riscv64-gnu@4.64.3':
    optional: true

  '@rollup/rollup-linux-riscv64-musl@4.64.3':
    optional: true

  '@rollup/rollup-linux-s390x-gnu@4.64.3':
    optional: true

  '@rollup/rollup-linux-x64-gnu@4.64.3':
    optional: true

  '@rollup/rollup-linux-x64-musl@4.64.3':
    optional: true

  '@rollup/rollup-openbsd-x64@4.64.3':
    optional: true

  '@rollup/rollup-openharmony-arm64@4.64.3':
    optional: true

  '@rollup/rollup-win32-arm64-msvc@4.64.3':
    optional: true

  '@rollup/rollup-win32-ia32-msvc@4.64.3':
    optional: true

  '@rollup/rollup-win32-x64-gnu@4.64.3':
    optional: true

  '@rollup/rollup-win32-x64-msvc@4.64.3':
    optional: true

  '@tauri-apps/api@2.12.2': {}

  '@types/estree@1.0.8': {}

  '@types/estree@1.0.9': {}

  estree-walker@2.0.2: {}

  fsevents@2.3.3:
    optional: true

  function-bind@1.1.2: {}

  hasown@2.0.2:
    dependencies:
      function-bind: 1.1.2

  is-core-module@2.15.1:
    dependencies:
      hasown: 2.0.2

  path-parse@1.0.7: {}

  picomatch@4.0.4: {}

  resolve@1.22.8:
    dependencies:
      is-core-module: 2.15.1
      path-parse: 1.0.7
      supports-preserve-symlinks-flag: 1.0.0

  rollup@4.64.3:
    dependencies:
      '@types/estree': 1.0.9
    optionalDependencies:
      '@napi-rs/lzma-linux-x64-gnu': 1.5.1
      '@rollup/rollup-android-arm-eabi': 4.64.3
      '@rollup/rollup-android-arm64': 4.64.3
      '@rollup/rollup-darwin-arm64': 4.64.3
      '@rollup/rollup-darwin-x64': 4.64.3
      '@rollup/rollup-freebsd-arm64': 4.64.3
      '@rollup/rollup-freebsd-x64': 4.64.3
      '@rollup/rollup-linux-arm-gnueabihf': 4.64.3
      '@rollup/rollup-linux-arm-musleabihf': 4.64.3
      '@rollup/rollup-linux-arm64-gnu': 4.64.3
      '@rollup/rollup-linux-arm64-musl': 4.64.3
      '@rollup/rollup-linux-loong64-gnu': 4.64.3
      '@rollup/rollup-linux-loong64-musl': 4.64.3
      '@rollup/rollup-linux-ppc64-gnu': 4.64.3
      '@rollup/rollup-linux-ppc64-musl': 4.64.3
      '@rollup/rollup-linux-riscv64-gnu': 4.64.3
      '@rollup/rollup-linux-riscv64-musl': 4.64.3
      '@rollup/rollup-linux-s390x-gnu': 4.64.3
      '@rollup/rollup-linux-x64-gnu': 4.64.3
      '@rollup/rollup-linux-x64-musl': 4.64.3
      '@rollup/rollup-openbsd-x64': 4.64.3
      '@rollup/rollup-openharmony-arm64': 4.64.3
      '@rollup/rollup-win32-arm64-msvc': 4.64.3
      '@rollup/rollup-win32-ia32-msvc': 4.64.3
      '@rollup/rollup-win32-x64-gnu': 4.64.3
      '@rollup/rollup-win32-x64-msvc': 4.64.3
      fsevents: 2.3.3

  supports-preserve-symlinks-flag@1.0.0: {}

  tslib@2.8.1: {}

  typescript@6.0.3: {}
