lockfileVersion: '9.0'

settings:
  autoInstallPeers: true
  excludeLinksFromLockfile: false

importers:

  .:
    dependencies:
      '@tauri-apps/api':
        specifier: ^2.0.3
        version: 2.0.3
    devDependencies:
      '@rollup/plugin-typescript':
        specifier: ^11.1.6
        version: 11.1.6(rollup@4.59.1)(tslib@2.8.1)(typescript@5.8.2)
      rollup:
        specifier: ^4.24.3
        version: 4.59.1
      tslib:
        specifier: ^2.8.1
        version: 2.8.1
      typescript:
        specifier: ^5.6.3
        version: 5.8.2

packages:

  '@rollup/plugin-typescript@11.1.6':
    resolution: {integrity: sha512-R92yOmIACgYdJ7dJ97p4K69I8gg6IEHt8M7dUBxN3W6nrO8uUxX5ixl0yU/N3aZTi8WhPuICvOHXQvF6FaykAA==}
    engines: {node: '>=14.0.0'}
    peerDependencies:
      rollup: ^2.14.0||^3.0.0||^4.0.0
      tslib: '*'
      typescript: '>=3.7.0'
    peerDependenciesMeta:
      rollup:
        optional: true
      tslib:
        optional: true

  '@rollup/pluginutils@5.1.3':
    resolution: {integrity: sha512-Pnsb6f32CD2W3uCaLZIzDmeFyQ2b8UWMFI7xtwUezpcGBDVDW6y9XgAWIlARiGAo6eNF5FK5aQTr0LFyNyqq5A==}
    engines: {node: '>=14.0.0'}
    peerDependencies:
      rollup: ^1.20.0||^2.0.0||^3.0.0||^4.0.0
    peerDependenciesMeta:
      rollup:
        optional: true

  '@rollup/rollup-android-arm-eabi@4.59.1':
    resolution: {integrity: sha512-xB0b51TB7IfDEzAojXahmr+gfA00uYVInJGgNNkeQG6RPnCPGr7udsylFLTubuIUSRE6FkcI1NElyRt83PP5oQ==}
    cpu: [arm]
    os: [android]

  '@rollup/rollup-android-arm64@4.59.1':
    resolution: {integrity: sha512-XOjPId0qwSDKHaIsdzHJtKCxX0+nH8MhBwvrNsT7tVyKmdTx1jJ4XzN5RZXCdTzMpufLb+B8llTC0D8uCrLhcw==}
    cpu: [arm64]
    os: [android]

  '@rollup/rollup-darwin-arm64@4.59.1':
    resolution: {integrity: sha512-vQuRd28p0gQpPrS6kppd8IrWmFo42U8Pz1XLRjSZXq5zCqyMDYFABT7/sywL11mO1EL10Qhh7MVPEwkG8GiBeg==}
    cpu: [arm64]
    os: [darwin]

  '@rollup/rollup-darwin-x64@4.59.1':
    resolution: {integrity: sha512-x6VG6U29+Ivlnajrg1IHdzXeAwSoEHBFVO+CtC9Brugx6de712CUJobRUxsIA0KYrQvCmzNrMPFTT1A4CCqNTg==}
    cpu: [x64]
    os: [darwin]

  '@rollup/rollup-freebsd-arm64@4.59.1':
    resolution: {integrity: sha512-Sgi0Uo6t1YCHJMNO3Y8+bm+SvOanUGkoZKn/VJPwYUe2kp31X5KnXmzKd/NjW8iA3gFcfNZ64zh14uOGrIllCQ==}
    cpu: [arm64]
    os: [freebsd]

  '@rollup/rollup-freebsd-x64@4.59.1':
    resolution: {integrity: sha512-AM4xnwEZwukdhk7laMWfzWu9JGSVnJd+Fowt6Fd7QW1nrf3h0Hp7Qx5881M4aqrUlKBCybOxz0jofvIIfl7C5g==}
    cpu: [x64]
    os: [freebsd]

  '@rollup/rollup-linux-arm-gnueabihf@4.59.1':
    resolution: {integrity: sha512-KUizqxpwaR2AZdAUsMWfL/C94pUu7TKpoPd88c8yFVixJ+l9hejkrwoK5Zj3wiNh65UeyryKnJyxL1b7yNqFQA==}
    cpu: [arm]
    os: [linux]

  '@rollup/rollup-linux-arm-musleabihf@4.59.1':
    resolution: {integrity: sha512-MZoQ/am77ckJtZGFAtPucgUuJWiop3m2R3lw7tC0QCcbfl4DRhQUBUkHWCkcrT3pqy5Mzv5QQgY6Dmlba6iTWg==}
    cpu: [arm]
    os: [linux]

  '@rollup/rollup-linux-arm64-gnu@4.59.1':
    resolution: {integrity: sha512-Sez95TP6xGjkWB1608EfhCX1gdGrO5wzyN99VqzRtC17x/1bhw5VU1V0GfKUwbW/Xr1J8mSasoFoJa6Y7aGGSA==}
    cpu: [arm64]
    os: [linux]

  '@rollup/rollup-linux-arm64-musl@4.59.1':
    resolution: {integrity: sha512-9Cs2Seq98LWNOJzR89EGTZoiP8EkZ9UbQhBlDgfAkM6asVna1xJ04W2CLYWDN/RpUgOjtQvcv8wQVi1t5oQazA==}
    cpu: [arm64]
    os: [linux]

  '@rollup/rollup-linux-loong64-gnu@4.59.1':
    resolution: {integrity: sha512-n9yqttftgFy7IrNEnHy1bOp6B4OSe8mJDiPkT7EqlM9FnKOwUMnCK62ixW0Kd9Clw0/wgvh8+SqaDXMFvw3KqQ==}
    cpu: [loong64]
    os: [linux]

  '@rollup/rollup-linux-loong64-musl@4.59.1':
    resolution: {integrity: sha512-SfpNXDzVTqs/riak4xXcLpq5gIQWsqGWMhN1AGRQKB4qGSs4r0sEs3ervXPcE1O9RsQ5bm8Muz6zmQpQnPss1g==}
    cpu: [loong64]
    os: [linux]

  '@rollup/rollup-linux-ppc64-gnu@4.59.1':
    resolution: {integrity: sha512-LjaChED0wQnjKZU+tsmGbN+9nN1XhaWUkAlSbTdhpEseCS4a15f/Q8xC2BN4GDKRzhhLZpYtJBZr2NZhR0jvNw==}
    cpu: [ppc64]
    os: [linux]

  '@rollup/rollup-linux-ppc64-musl@4.59.1':
    resolution: {integrity: sha512-ojW7iTJSIs4pwB2xV6QXGwNyDctvXOivYllttuPbXguuKDX5vwpqYJsHc6D2LZzjDGHML414Tuj3LvVPe1CT1A==}
    cpu: [ppc64]
    os: [linux]

  '@rollup/rollup-linux-riscv64-gnu@4.59.1':
    resolution: {integrity: sha512-FP+Q6WTcxxvsr0wQczhSE+tOZvFPV8A/mUE6mhZYFW9/eea/y/XqAgRoLLMuE9Cz0hfX5bi7p116IWoB+P237A==}
    cpu: [riscv64]
    os: [linux]

  '@rollup/rollup-linux-riscv64-musl@4.59.1':
    resolution: {integrity: sha512-L1uD9b/Ig8Z+rn1KttCJjwhN1FgjRMBKsPaBsDKkfUl7GfFq71pU4vWCnpOsGljycFEbkHWARZLf4lMYg3WOLw==}
    cpu: [riscv64]
    os: [linux]

  '@rollup/rollup-linux-s390x-gnu@4.59.1':
    resolution: {integrity: sha512-EZc9NGTk/oSUzzOD4nYY4gIjteo2M3CiozX6t1IXGCOdgxJTlVu/7EdPeiqeHPSIrxkLhavqpBAUCfvC6vBOug==}
    cpu: [s390x]
    os: [linux]

  '@rollup/rollup-linux-x64-gnu@4.59.1':
    resolution: {integrity: sha512-NQ9KyU1Anuy59L8+HHOKM++CoUxrQWrZWXRik4BJFm+7i5NP6q/SW43xIBr80zzt+PDBJ7LeNmloQGfa0JGk0w==}
    cpu: [x64]
    os: [linux]

  '@rollup/rollup-linux-x64-musl@4.59.1':
    resolution: {integrity: sha512-GZkLk2t6naywsveSFBsEb0PLU+JC9ggVjbndsbG20VPhar6D1gkMfCx4NfP9owpovBXTN+eRdqGSkDGIxPHhmQ==}
    cpu: [x64]
    os: [linux]

  '@rollup/rollup-openbsd-x64@4.59.1':
    resolution: {integrity: sha512-1hjG9Jpl2KDOetr64iQd8AZAEjkDUUK5RbDkYWsViYLC1op1oNzdjMJeFiofcGhqbNTaY2kfgqowE7DILifsrA==}
    cpu: [x64]
    os: [openbsd]

  '@rollup/rollup-openharmony-arm64@4.59.1':
    resolution: {integrity: sha512-ARoKfflk0SiiYm3r1fmF73K/yB+PThmOwfWCk1sr7x/k9dc3uGLWuEE9if+Pw21el8MSpp3TMnG5vLNsJ/MMGQ==}
    cpu: [arm64]
    os: [openharmony]

  '@rollup/rollup-win32-arm64-msvc@4.59.1':
    resolution: {integrity: sha512-oOST61G6VM45Mz2vdzWMr1s2slI7y9LqxEV5fCoWi2MDONmMvgsJVHSXxce/I2xOSZPTZ47nDPOl1tkwKWSHcw==}
    cpu: [arm64]
    os: [win32]

  '@rollup/rollup-win32-ia32-msvc@4.59.1':
    resolution: {integrity: sha512-x5WgLi5dWpRz7WclKBGEF15LcWTh0ewrHM6Cq4A+WUbkysUMZNeqt05bwPonOQ3ihPS/WMhAZV5zB1DfnI4Sxg==}
    cpu: [ia32]
    os: [win32]

  '@rollup/rollup-win32-x64-gnu@4.59.1':
    resolution: {integrity: sha512-wS+zHAJRVP5zOL0e+a3V3E/NTEwM2HEvvNKoDy5Xcfs0o8lljxn+EAFPkUsxihBdmDq1JWzXmmB9cbssCPdxxw==}
    cpu: [x64]
    os: [win32]

  '@rollup/rollup-win32-x64-msvc@4.59.1':
    resolution: {integrity: sha512-rhHyrMeLpErT/C7BxcEsU4COHQUzHyrPYW5tOZUeUhziNtRuYxmDWvqQqzpuUt8xpOgmbKa1btGXfnA/ANVO+g==}
    cpu: [x64]
    os: [win32]

  '@tauri-apps/api@2.0.3':
    resolution: {integrity: sha512-840qk6n8rbXBXMA5/aAgTYsg5JAubKO0nXw5wf7IzGnUuYKGbB4oFBIZtXOIWy+E0kNTDI3qhq5iqsoMJfwp8g==}

  '@types/estree@1.0.8':
    resolution: {integrity: sha512-dWHzHa2WqEXI/O1E9OjrocMTKJl2mSrEolh1Iomrv6U+JuNwaHXsXx9bLu5gG7BUWFIN0skIQJQ/L1rIex4X6w==}

  estree-walker@2.0.2:
    resolution: {integrity: sha512-Rfkk/Mp/DL7JVje3u18FxFujQlTNR2q6QfMSMB7AvCBx91NGj/ba3kCfza0f6dVDbw7YlRf/nDrn7pQrCCyQ/w==}

  fsevents@2.3.3:
    resolution: {integrity: sha512-5xoDfX+fL7faATnagmWPpbFtwh/R77WmMMqqHGS65C3vvB0YHrgF+B1YmZ3441tMj5n63k0212XNoJwzlhffQw==}
    engines: {node: ^8.16.0 || ^10.6.0 || >=11.0.0}
    os: [darwin]

  function-bind@1.1.2:
    resolution: {integrity: sha512-7XHNxH7qX9xG5mIwxkhumTox/MIRNcOgDrxWsMt2pAr23WHp6MrRlN7FBSFpCpr+oVO0F744iUgR82nJMfG2SA==}

  hasown@2.0.2:
    resolution: {integrity: sha512-0hJU9SCPvmMzIBdZFqNPXWa6dqh7WdH0cII9y+CyS8rG3nL48Bclra9HmKhVVUHyPWNH5Y7xDwAB7bfgSjkUMQ==}
    engines: {node: '>= 0.4'}

  is-core-module@2.15.1:
    resolution: {integrity: sha512-z0vtXSwucUJtANQWldhbtbt7BnL0vxiFjIdDLAatwhDYty2bad6s+rijD6Ri4YuYJubLzIJLUidCh09e1djEVQ==}
    engines: {node: '>= 0.4'}

  path-parse@1.0.7:
    resolution: {integrity: sha512-LDJzPVEEEPR+y48z93A0Ed0yXb8pAByGWo/k5YYdYgpY2/2EsOsksJrq7lOHxryrVOn1ejG6oAp8ahvOIQD8sw==}

  picomatch@4.0.2:
    resolution: {integrity: sha512-M7BAV6Rlcy5u+m6oPhAPFgJTzAioX/6B0DxyvDlo9l8+T3nLKbrczg2WLUyzd45L8RqfUMyGPzekbMvX2Ldkwg==}
    engines: {node: '>=12'}

  resolve@1.22.8:
    resolution: {integrity: sha512-oKWePCxqpd6FlLvGV1VU0x7bkPmmCNolxzjMf4NczoDnQcIWrAF+cPtZn5i6n+RfD2d9i0tzpKnG6Yk168yIyw==}
    hasBin: true

  rollup@4.59.1:
    resolution: {integrity: sha512-iZKH8BeoCwTCBTZBZWQQMreekd4mdomwdjIQ40GC1oZm6o+8PnNMIxFOiCsGMWeS8iDJ7KZcl7KwmKk/0HOQpA==}
    engines: {node: '>=18.0.0', npm: '>=8.0.0'}
    hasBin: true

  supports-preserve-symlinks-flag@1.0.0:
    resolution: {integrity: sha512-ot0WnXS9fgdkgIcePe6RHNk1WA8+muPa6cSjeR3V8K27q9BB1rTE3R1p7Hv0z1ZyAc8s6Vvv8DIyWf681MAt0w==}
    engines: {node: '>= 0.4'}

  tslib@2.8.1:
    resolution: {integrity: sha512-oJFu94HQb+KVduSUQL7wnpmqnfmLsOA/nAh6b6EH0wCEoK0/mPeXU6c3wKDV83MkOuHPRHtSXKKU99IBazS/2w==}

  typescript@5.8.2:
    resolution: {integrity: sha512-aJn6wq13/afZp/jT9QZmwEjDqqvSGp1VT5GVg+f/t6/oVyrgXM6BY1h9BRh/O5p3PlUPAe+WuiEZOmb/49RqoQ==}
    engines: {node: '>=14.17'}
    hasBin: true

snapshots:

  '@rollup/plugin-typescript@11.1.6(rollup@4.59.1)(tslib@2.8.1)(typescript@5.8.2)':
    dependencies:
      '@rollup/pluginutils': 5.1.3(rollup@4.59.1)
      resolve: 1.22.8
      typescript: 5.8.2
    optionalDependencies:
      rollup: 4.59.1
      tslib: 2.8.1

  '@rollup/pluginutils@5.1.3(rollup@4.59.1)':
    dependencies:
      '@types/estree': 1.0.8
      estree-walker: 2.0.2
      picomatch: 4.0.2
    optionalDependencies:
      rollup: 4.59.1

  '@rollup/rollup-android-arm-eabi@4.59.1':
    optional: true

  '@rollup/rollup-android-arm64@4.59.1':
    optional: true

  '@rollup/rollup-darwin-arm64@4.59.1':
    optional: true

  '@rollup/rollup-darwin-x64@4.59.1':
    optional: true

  '@rollup/rollup-freebsd-arm64@4.59.1':
    optional: true

  '@rollup/rollup-freebsd-x64@4.59.1':
    optional: true

  '@rollup/rollup-linux-arm-gnueabihf@4.59.1':
    optional: true

  '@rollup/rollup-linux-arm-musleabihf@4.59.1':
    optional: true

  '@rollup/rollup-linux-arm64-gnu@4.59.1':
    optional: true

  '@rollup/rollup-linux-arm64-musl@4.59.1':
    optional: true

  '@rollup/rollup-linux-loong64-gnu@4.59.1':
    optional: true

  '@rollup/rollup-linux-loong64-musl@4.59.1':
    optional: true

  '@rollup/rollup-linux-ppc64-gnu@4.59.1':
    optional: true

  '@rollup/rollup-linux-ppc64-musl@4.59.1':
    optional: true

  '@rollup/rollup-linux-riscv64-gnu@4.59.1':
    optional: true

  '@rollup/rollup-linux-riscv64-musl@4.59.1':
    optional: true

  '@rollup/rollup-linux-s390x-gnu@4.59.1':
    optional: true

  '@rollup/rollup-linux-x64-gnu@4.59.1':
    optional: true

  '@rollup/rollup-linux-x64-musl@4.59.1':
    optional: true

  '@rollup/rollup-openbsd-x64@4.59.1':
    optional: true

  '@rollup/rollup-openharmony-arm64@4.59.1':
    optional: true

  '@rollup/rollup-win32-arm64-msvc@4.59.1':
    optional: true

  '@rollup/rollup-win32-ia32-msvc@4.59.1':
    optional: true

  '@rollup/rollup-win32-x64-gnu@4.59.1':
    optional: true

  '@rollup/rollup-win32-x64-msvc@4.59.1':
    optional: true

  '@tauri-apps/api@2.0.3': {}

  '@types/estree@1.0.8': {}

  estree-walker@2.0.2: {}

  fsevents@2.3.3:
    optional: true

  function-bind@1.1.2: {}

  hasown@2.0.2:
    dependencies:
      function-bind: 1.1.2

  is-core-module@2.15.1:
    dependencies:
      hasown: 2.0.2

  path-parse@1.0.7: {}

  picomatch@4.0.2: {}

  resolve@1.22.8:
    dependencies:
      is-core-module: 2.15.1
      path-parse: 1.0.7
      supports-preserve-symlinks-flag: 1.0.0

  rollup@4.59.1:
    dependencies:
      '@types/estree': 1.0.8
    optionalDependencies:
      '@rollup/rollup-android-arm-eabi': 4.59.1
      '@rollup/rollup-android-arm64': 4.59.1
      '@rollup/rollup-darwin-arm64': 4.59.1
      '@rollup/rollup-darwin-x64': 4.59.1
      '@rollup/rollup-freebsd-arm64': 4.59.1
      '@rollup/rollup-freebsd-x64': 4.59.1
      '@rollup/rollup-linux-arm-gnueabihf': 4.59.1
      '@rollup/rollup-linux-arm-musleabihf': 4.59.1
      '@rollup/rollup-linux-arm64-gnu': 4.59.1
      '@rollup/rollup-linux-arm64-musl': 4.59.1
      '@rollup/rollup-linux-loong64-gnu': 4.59.1
      '@rollup/rollup-linux-loong64-musl': 4.59.1
      '@rollup/rollup-linux-ppc64-gnu': 4.59.1
      '@rollup/rollup-linux-ppc64-musl': 4.59.1
      '@rollup/rollup-linux-riscv64-gnu': 4.59.1
      '@rollup/rollup-linux-riscv64-musl': 4.59.1
      '@rollup/rollup-linux-s390x-gnu': 4.59.1
      '@rollup/rollup-linux-x64-gnu': 4.59.1
      '@rollup/rollup-linux-x64-musl': 4.59.1
      '@rollup/rollup-openbsd-x64': 4.59.1
      '@rollup/rollup-openharmony-arm64': 4.59.1
      '@rollup/rollup-win32-arm64-msvc': 4.59.1
      '@rollup/rollup-win32-ia32-msvc': 4.59.1
      '@rollup/rollup-win32-x64-gnu': 4.59.1
      '@rollup/rollup-win32-x64-msvc': 4.59.1
      fsevents: 2.3.3

  supports-preserve-symlinks-flag@1.0.0: {}

  tslib@2.8.1: {}

  typescript@5.8.2: {}
