lockfileVersion: '9.0'

settings:
  autoInstallPeers: true
  excludeLinksFromLockfile: false

importers:

  .:
    dependencies:
      '@tauri-apps/api':
        specifier: ^2.11.0
        version: 2.11.1
    devDependencies:
      '@rollup/plugin-typescript':
        specifier: ^12.3.0
        version: 12.3.0(rollup@4.63.5)(tslib@2.8.1)(typescript@6.0.3)
      rollup:
        specifier: ^4.60.3
        version: 4.63.5
      tslib:
        specifier: ^2.8.1
        version: 2.8.1
      typescript:
        specifier: ^6.0.3
        version: 6.0.3

packages:

  '@napi-rs/lzma-linux-x64-gnu@1.5.1':
    resolution: {integrity: sha512-oTXEIha4SsuXdTA4Iyskj0kpdx2yVXdhd75c2v3xGrHFfVMsbhTPZU/nMPL4sWKo4pBHm3aucLaqGlF696dTyQ==}
    engines: {node: ^22.20 || ^24.12 || >=25}
    cpu: [x64]
    os: [linux]
    libc: [glibc]

  '@rollup/plugin-typescript@12.3.0':
    resolution: {integrity: sha512-7DP0/p7y3t67+NabT9f8oTBFE6gGkto4SA6Np2oudYmZE/m1dt8RB0SjL1msMxFpLo631qjRCcBlAbq1ml/Big==}
    engines: {node: '>=14.0.0'}
    peerDependencies:
      rollup: ^2.14.0||^3.0.0||^4.0.0
      tslib: '*'
      typescript: '>=3.7.0'
    peerDependenciesMeta:
      rollup:
        optional: true
      tslib:
        optional: true

  '@rollup/pluginutils@5.1.3':
    resolution: {integrity: sha512-Pnsb6f32CD2W3uCaLZIzDmeFyQ2b8UWMFI7xtwUezpcGBDVDW6y9XgAWIlARiGAo6eNF5FK5aQTr0LFyNyqq5A==}
    engines: {node: '>=14.0.0'}
    peerDependencies:
      rollup: ^1.20.0||^2.0.0||^3.0.0||^4.0.0
    peerDependenciesMeta:
      rollup:
        optional: true

  '@rollup/rollup-android-arm-eabi@4.63.5':
    resolution: {integrity: sha512-J25QJU+B78T4FhhBsNpLJyVWOi31mwtpcMwywHmOKH65Q9IWGA81gPj+dnwlhU8wktVriYE+tFAaQgrnJRzAZg==}
    cpu: [arm]
    os: [android]

  '@rollup/rollup-android-arm64@4.63.5':
    resolution: {integrity: sha512-LDopB3zuZM5Ux9TT2luNEBJW/tYbGU2g1d+VpKk6I+gSKDb+/7sYE6M225gRQt4RbMX6MSwMsVR/phdjVUgRLg==}
    cpu: [arm64]
    os: [android]

  '@rollup/rollup-darwin-arm64@4.63.5':
    resolution: {integrity: sha512-wlJEERGfeuHeBavCL2qVnNacOK43NDoZM4sjkeRPymd04OAE9T1zBqDJgmZ+CIsPTYKwdzpUC8vmOw84dwY4Tg==}
    cpu: [arm64]
    os: [darwin]

  '@rollup/rollup-darwin-x64@4.63.5':
    resolution: {integrity: sha512-4nJJGg5jbo2wwPP4JP+LfEBA3bvP8rU9CLuhp7jWvq9sxEyhjQFTFdrqi+/dHEin/pd8jpT0vcehIpnZtmEdcQ==}
    cpu: [x64]
    os: [darwin]

  '@rollup/rollup-freebsd-arm64@4.63.5':
    resolution: {integrity: sha512-DrZbyCDF1hneuO6jRbvZ2D7+PIBM6yIwYnJpg2vIk58T+wuFpiaGZrfUr59lDWw45bg+IrpTGLPiNi/Fk4w3Cg==}
    cpu: [arm64]
    os: [freebsd]

  '@rollup/rollup-freebsd-x64@4.63.5':
    resolution: {integrity: sha512-gqfUVMJMB3mehqywxp6hTBFfgtMQykZY19+cfiaYP0toIJLb/1DZRJHVkQQGP13W4TAwfZDWeg1qBcheTRioXQ==}
    cpu: [x64]
    os: [freebsd]

  '@rollup/rollup-linux-arm-gnueabihf@4.63.5':
    resolution: {integrity: sha512-CFmhpvAwzSaWMlN3VN7UtmoTihlZNzoP0juQib5TQRnYUyDV8dXeWOp29sobWAT6gXl/hQgAClLlEiYozQG3OQ==}
    cpu: [arm]
    os: [linux]
    libc: [glibc]

  '@rollup/rollup-linux-arm-musleabihf@4.63.5':
    resolution: {integrity: sha512-Uc9H8eXCOayV6JLTH5bXKMId6qbhNHa818/BgYjm4jrlq3vZquC9cqyvHBw17xy5Mnj5f+I3gFK5JcEf3hSqrw==}
    cpu: [arm]
    os: [linux]
    libc: [musl]

  '@rollup/rollup-linux-arm64-gnu@4.63.5':
    resolution: {integrity: sha512-VcPr/szv/1BFw112Kt//fxulXt/JPqzzidU84iW68L2DdjnOO8QFUv2zTSYBEPHD6movBD4z+bbr5y60GYM7Jw==}
    cpu: [arm64]
    os: [linux]
    libc: [glibc]

  '@rollup/rollup-linux-arm64-musl@4.63.5':
    resolution: {integrity: sha512-BnxtJ5/91BrIHYIkGrmjz/lbMhqEHt1dPFqIxIFR+jPn0xVc/oUSCtIT089zfp5ufwGDlYz2UC+Fe1SRBpYFbQ==}
    cpu: [arm64]
    os: [linux]
    libc: [musl]

  '@rollup/rollup-linux-loong64-gnu@4.63.5':
    resolution: {integrity: sha512-LrYcHZwF+fAMNKHYTOQ5osWM4AZF7YF6D+XtsjDyEvljtt11twc+zHVXBLNEjxVSUnKYsOhvVz4Z213eW02COQ==}
    cpu: [loong64]
    os: [linux]
    libc: [glibc]

  '@rollup/rollup-linux-loong64-musl@4.63.5':
    resolution: {integrity: sha512-nj7QKQePAAUpCpJHtg0pR0W/b92A9NO17JS3BAQmHDn/yhmkir2p8llrKY9TOhleKIaSzy1JhxS3T9FVld6coA==}
    cpu: [loong64]
    os: [linux]
    libc: [musl]

  '@rollup/rollup-linux-ppc64-gnu@4.63.5':
    resolution: {integrity: sha512-5ylkX6dWMeBKge9nTU+Rxfb+ZfaCIJ9lRqIFaK0eAMcWp7OJbYnLveLgXmm0VrvuLKb8qIK+mHyH0qu88RM+iA==}
    cpu: [ppc64]
    os: [linux]
    libc: [glibc]

  '@rollup/rollup-linux-ppc64-musl@4.63.5':
    resolution: {integrity: sha512-oHK4ZHYFDKjZviK34I+NwgfbGxgI7ztrNxj2hPTSSNFgeq1a/lEd7dHV2fdGAuTH4Iym3RHJg+vAbWaWG4B7Zg==}
    cpu: [ppc64]
    os: [linux]
    libc: [musl]

  '@rollup/rollup-linux-riscv64-gnu@4.63.5':
    resolution: {integrity: sha512-UcetmHZ6XOXuUByiKZyQmb55ZPr0LABr3Ec/HB9wKZn6CEAFWZkE+hsJErJ9hbPBC7nI0dKuELx7CoV6IM7TMg==}
    cpu: [riscv64]
    os: [linux]
    libc: [glibc]

  '@rollup/rollup-linux-riscv64-musl@4.63.5':
    resolution: {integrity: sha512-C5CmDPQBtvjVo8cgQsBs+w6WB0JLkiixhgi6hVLV11hERWdn/p0XcPU2OUcZzac9BPOFq7SbaHFa8r3SWEysCQ==}
    cpu: [riscv64]
    os: [linux]
    libc: [musl]

  '@rollup/rollup-linux-s390x-gnu@4.63.5':
    resolution: {integrity: sha512-lHVQHJFKsuuxLMi3MQO9XVL8Tje3JR82CzB+QDKC5NWBcsIWuwsn9uIM5e3lBhI+fF1/s63qnyYqsg65+8rV/w==}
    cpu: [s390x]
    os: [linux]
    libc: [glibc]

  '@rollup/rollup-linux-x64-gnu@4.63.5':
    resolution: {integrity: sha512-3W9bTFcQNJn71cSJVM9RKIiZOy8DO/XLDii8Uv/Pm6WKqDRj7JV3ZfuXIEfyuy5LXpIzAbB/1M4Ukp9GKNa7nA==}
    cpu: [x64]
    os: [linux]
    libc: [glibc]

  '@rollup/rollup-linux-x64-musl@4.63.5':
    resolution: {integrity: sha512-VDC7rRJlee/scpki96GZ27Omf6yU87s1YXwVTpjE5841faVlDYYT565rgfmoR1U0sqL7z5ivQSDjcsF6VRXyBA==}
    cpu: [x64]
    os: [linux]
    libc: [musl]

  '@rollup/rollup-openbsd-x64@4.63.5':
    resolution: {integrity: sha512-z86Ok2p4pTdv5xqCKZsTooO7yBEiaJR/HzU3Wx8RmWsPoLppnMKROhJusQob8B3IE1ghC343kUW9rC2r+Wf3ig==}
    cpu: [x64]
    os: [openbsd]

  '@rollup/rollup-openharmony-arm64@4.63.5':
    resolution: {integrity: sha512-IzQmj+xXwQFGhMAMKMQVXkMwMZN3TqkJgAE0nSsqvVwWWciP4AIPMmWRqOQ2GfX7TUDZr+xqGFcBS36CRPGw0g==}
    cpu: [arm64]
    os: [openharmony]

  '@rollup/rollup-win32-arm64-msvc@4.63.5':
    resolution: {integrity: sha512-F6qpTaPc9bwBH85kjy0/BLmLSW1uv7AoOXCoRIkg2arlgCYlWYcAbiMkvZuAcaWk9TpCRG//okznLAqLGshkMw==}
    cpu: [arm64]
    os: [win32]

  '@rollup/rollup-win32-ia32-msvc@4.63.5':
    resolution: {integrity: sha512-igoDsTFhhwECBeGbUuLeIk7t8Y1apa+cs6mDWpx2EZ0ch7oEQgzHbFUXN9euoHekCAQzXdXApAGkV6jznS7tWw==}
    cpu: [ia32]
    os: [win32]

  '@rollup/rollup-win32-x64-gnu@4.63.5':
    resolution: {integrity: sha512-U3teMeMbXFmaM5D+OTJpsOXd+wV/qftIeYF9kBKL4v73641qyJmoXFtA28DQLsnmlyayEsTe72xpLHrArq6vHw==}
    cpu: [x64]
    os: [win32]

  '@rollup/rollup-win32-x64-msvc@4.63.5':
    resolution: {integrity: sha512-ypfC34F3RKXvCXBglGqGMsUSMKlgwd1HX9AOAlx9RoZZ6GaI42YHVeKpzg3JG+wpBUJYTG+NNZhqbDWL8tBZkw==}
    cpu: [x64]
    os: [win32]

  '@tauri-apps/api@2.11.1':
    resolution: {integrity: sha512-M2FPuYND2m+wh5hfW9ZpSdxMPdEJovPBWwoHJmwUpysTYNHaOkVFN419m/K0LIgjb/7KU2vBgsUepJWugQCvAA==}

  '@types/estree@1.0.8':
    resolution: {integrity: sha512-dWHzHa2WqEXI/O1E9OjrocMTKJl2mSrEolh1Iomrv6U+JuNwaHXsXx9bLu5gG7BUWFIN0skIQJQ/L1rIex4X6w==}

  '@types/estree@1.0.9':
    resolution: {integrity: sha512-GhdPgy1el4/ImP05X05Uw4cw2/M93BCUmnEvWZNStlCzEKME4Fkk+YpoA5OiHNQmoS7Cafb8Xa3Pya8m1Qrzeg==}

  estree-walker@2.0.2:
    resolution: {integrity: sha512-Rfkk/Mp/DL7JVje3u18FxFujQlTNR2q6QfMSMB7AvCBx91NGj/ba3kCfza0f6dVDbw7YlRf/nDrn7pQrCCyQ/w==}

  fsevents@2.3.3:
    resolution: {integrity: sha512-5xoDfX+fL7faATnagmWPpbFtwh/R77WmMMqqHGS65C3vvB0YHrgF+B1YmZ3441tMj5n63k0212XNoJwzlhffQw==}
    engines: {node: ^8.16.0 || ^10.6.0 || >=11.0.0}
    os: [darwin]

  function-bind@1.1.2:
    resolution: {integrity: sha512-7XHNxH7qX9xG5mIwxkhumTox/MIRNcOgDrxWsMt2pAr23WHp6MrRlN7FBSFpCpr+oVO0F744iUgR82nJMfG2SA==}

  hasown@2.0.2:
    resolution: {integrity: sha512-0hJU9SCPvmMzIBdZFqNPXWa6dqh7WdH0cII9y+CyS8rG3nL48Bclra9HmKhVVUHyPWNH5Y7xDwAB7bfgSjkUMQ==}
    engines: {node: '>= 0.4'}

  is-core-module@2.15.1:
    resolution: {integrity: sha512-z0vtXSwucUJtANQWldhbtbt7BnL0vxiFjIdDLAatwhDYty2bad6s+rijD6Ri4YuYJubLzIJLUidCh09e1djEVQ==}
    engines: {node: '>= 0.4'}

  path-parse@1.0.7:
    resolution: {integrity: sha512-LDJzPVEEEPR+y48z93A0Ed0yXb8pAByGWo/k5YYdYgpY2/2EsOsksJrq7lOHxryrVOn1ejG6oAp8ahvOIQD8sw==}

  picomatch@4.0.4:
    resolution: {integrity: sha512-QP88BAKvMam/3NxH6vj2o21R6MjxZUAd6nlwAS/pnGvN9IVLocLHxGYIzFhg6fUQ+5th6P4dv4eW9jX3DSIj7A==}
    engines: {node: '>=12'}

  resolve@1.22.8:
    resolution: {integrity: sha512-oKWePCxqpd6FlLvGV1VU0x7bkPmmCNolxzjMf4NczoDnQcIWrAF+cPtZn5i6n+RfD2d9i0tzpKnG6Yk168yIyw==}
    hasBin: true

  rollup@4.63.5:
    resolution: {integrity: sha512-KRWwmNLlPw5M7HcdYfm15oBv9n9LPtjzpzCIxS/phwqvPyxHSoKX6Y2YU3pxSPfy0CLquVgsx/j/hBi6OvH1Nw==}
    engines: {node: '>=18.0.0', npm: '>=8.0.0'}
    hasBin: true

  supports-preserve-symlinks-flag@1.0.0:
    resolution: {integrity: sha512-ot0WnXS9fgdkgIcePe6RHNk1WA8+muPa6cSjeR3V8K27q9BB1rTE3R1p7Hv0z1ZyAc8s6Vvv8DIyWf681MAt0w==}
    engines: {node: '>= 0.4'}

  tslib@2.8.1:
    resolution: {integrity: sha512-oJFu94HQb+KVduSUQL7wnpmqnfmLsOA/nAh6b6EH0wCEoK0/mPeXU6c3wKDV83MkOuHPRHtSXKKU99IBazS/2w==}

  typescript@6.0.3:
    resolution: {integrity: sha512-y2TvuxSZPDyQakkFRPZHKFm+KKVqIisdg9/CZwm9ftvKXLP8NRWj38/ODjNbr43SsoXqNuAisEf1GdCxqWcdBw==}
    engines: {node: '>=14.17'}
    hasBin: true

snapshots:

  '@napi-rs/lzma-linux-x64-gnu@1.5.1':
    optional: true

  '@rollup/plugin-typescript@12.3.0(rollup@4.63.5)(tslib@2.8.1)(typescript@6.0.3)':
    dependencies:
      '@rollup/pluginutils': 5.1.3(rollup@4.63.5)
      resolve: 1.22.8
      typescript: 6.0.3
    optionalDependencies:
      rollup: 4.63.5
      tslib: 2.8.1

  '@rollup/pluginutils@5.1.3(rollup@4.63.5)':
    dependencies:
      '@types/estree': 1.0.8
      estree-walker: 2.0.2
      picomatch: 4.0.4
    optionalDependencies:
      rollup: 4.63.5

  '@rollup/rollup-android-arm-eabi@4.63.5':
    optional: true

  '@rollup/rollup-android-arm64@4.63.5':
    optional: true

  '@rollup/rollup-darwin-arm64@4.63.5':
    optional: true

  '@rollup/rollup-darwin-x64@4.63.5':
    optional: true

  '@rollup/rollup-freebsd-arm64@4.63.5':
    optional: true

  '@rollup/rollup-freebsd-x64@4.63.5':
    optional: true

  '@rollup/rollup-linux-arm-gnueabihf@4.63.5':
    optional: true

  '@rollup/rollup-linux-arm-musleabihf@4.63.5':
    optional: true

  '@rollup/rollup-linux-arm64-gnu@4.63.5':
    optional: true

  '@rollup/rollup-linux-arm64-musl@4.63.5':
    optional: true

  '@rollup/rollup-linux-loong64-gnu@4.63.5':
    optional: true

  '@rollup/rollup-linux-loong64-musl@4.63.5':
    optional: true

  '@rollup/rollup-linux-ppc64-gnu@4.63.5':
    optional: true

  '@rollup/rollup-linux-ppc64-musl@4.63.5':
    optional: true

  '@rollup/rollup-linux-riscv64-gnu@4.63.5':
    optional: true

  '@rollup/rollup-linux-riscv64-musl@4.63.5':
    optional: true

  '@rollup/rollup-linux-s390x-gnu@4.63.5':
    optional: true

  '@rollup/rollup-linux-x64-gnu@4.63.5':
    optional: true

  '@rollup/rollup-linux-x64-musl@4.63.5':
    optional: true

  '@rollup/rollup-openbsd-x64@4.63.5':
    optional: true

  '@rollup/rollup-openharmony-arm64@4.63.5':
    optional: true

  '@rollup/rollup-win32-arm64-msvc@4.63.5':
    optional: true

  '@rollup/rollup-win32-ia32-msvc@4.63.5':
    optional: true

  '@rollup/rollup-win32-x64-gnu@4.63.5':
    optional: true

  '@rollup/rollup-win32-x64-msvc@4.63.5':
    optional: true

  '@tauri-apps/api@2.11.1': {}

  '@types/estree@1.0.8': {}

  '@types/estree@1.0.9': {}

  estree-walker@2.0.2: {}

  fsevents@2.3.3:
    optional: true

  function-bind@1.1.2: {}

  hasown@2.0.2:
    dependencies:
      function-bind: 1.1.2

  is-core-module@2.15.1:
    dependencies:
      hasown: 2.0.2

  path-parse@1.0.7: {}

  picomatch@4.0.4: {}

  resolve@1.22.8:
    dependencies:
      is-core-module: 2.15.1
      path-parse: 1.0.7
      supports-preserve-symlinks-flag: 1.0.0

  rollup@4.63.5:
    dependencies:
      '@types/estree': 1.0.9
    optionalDependencies:
      '@napi-rs/lzma-linux-x64-gnu': 1.5.1
      '@rollup/rollup-android-arm-eabi': 4.63.5
      '@rollup/rollup-android-arm64': 4.63.5
      '@rollup/rollup-darwin-arm64': 4.63.5
      '@rollup/rollup-darwin-x64': 4.63.5
      '@rollup/rollup-freebsd-arm64': 4.63.5
      '@rollup/rollup-freebsd-x64': 4.63.5
      '@rollup/rollup-linux-arm-gnueabihf': 4.63.5
      '@rollup/rollup-linux-arm-musleabihf': 4.63.5
      '@rollup/rollup-linux-arm64-gnu': 4.63.5
      '@rollup/rollup-linux-arm64-musl': 4.63.5
      '@rollup/rollup-linux-loong64-gnu': 4.63.5
      '@rollup/rollup-linux-loong64-musl': 4.63.5
      '@rollup/rollup-linux-ppc64-gnu': 4.63.5
      '@rollup/rollup-linux-ppc64-musl': 4.63.5
      '@rollup/rollup-linux-riscv64-gnu': 4.63.5
      '@rollup/rollup-linux-riscv64-musl': 4.63.5
      '@rollup/rollup-linux-s390x-gnu': 4.63.5
      '@rollup/rollup-linux-x64-gnu': 4.63.5
      '@rollup/rollup-linux-x64-musl': 4.63.5
      '@rollup/rollup-openbsd-x64': 4.63.5
      '@rollup/rollup-openharmony-arm64': 4.63.5
      '@rollup/rollup-win32-arm64-msvc': 4.63.5
      '@rollup/rollup-win32-ia32-msvc': 4.63.5
      '@rollup/rollup-win32-x64-gnu': 4.63.5
      '@rollup/rollup-win32-x64-msvc': 4.63.5
      fsevents: 2.3.3

  supports-preserve-symlinks-flag@1.0.0: {}

  tslib@2.8.1: {}

  typescript@6.0.3: {}
